
Microsoft Visual Studio Solution File, Format Version 12.00
# Visual Studio Version 17
VisualStudioVersion = 17.3.32922.545
MinimumVisualStudioVersion = 10.0.40219.1
Project("{FAE04EC0-301F-11D3-BF4B-00C04F79EFBC}") = "netframe", "netframe.csproj", "{7E078AA2-E196-4D8E-817E-2619D36C6274}"
EndProject
Global
	GlobalSection(SolutionConfigurationPlatforms) = preSolution
		Debug|Any CPU = Debug|Any CPU
		Release|Any CPU = Release|Any CPU
	EndGlobalSection
	GlobalSection(ProjectConfigurationPlatforms) = postSolution
		{7E078AA2-E196-4D8E-817E-2619D36C6274}.Debug|Any CPU.ActiveCfg = Debug|Any CPU
		{7E078AA2-E196-4D8E-817E-2619D36C6274}.Debug|Any CPU.Build.0 = Debug|Any CPU
		{7E078AA2-E196-4D8E-817E-2619D36C6274}.Release|Any CPU.ActiveCfg = Release|Any CPU
		{7E078AA2-E196-4D8E-817E-2619D36C6274}.Release|Any CPU.Build.0 = Release|Any CPU
	EndGlobalSection
	GlobalSection(SolutionProperties) = preSolution
		HideSolutionNode = FALSE
	EndGlobalSection
	GlobalSection(ExtensibilityGlobals) = postSolution
		SolutionGuid = {63D03A7E-4130-4244-B352-62D62F17442F}
	EndGlobalSection
EndGlobal
